// !$*UTF8*$!
{
	archiveVersion = 1;
	classes = {
	};
	objectVersion = 50;
	objects = {

/* Begin PBXBuildFile section */
		8A0038C122A7C5360053C1B7 /* Item.swift in Sources */ = {isa = PBXBuildFile; fileRef = 8A0038C022A7C5360053C1B7 /* Item.swift */; };
		8A0038C322A7C5430053C1B7 /* Category.swift in Sources */ = {isa = PBXBuildFile; fileRef = 8A0038C222A7C5430053C1B7 /* Category.swift */; };
		8A3C85C122A5E5E700D624DA /* CategoryViewController.swift in Sources */ = {isa = PBXBuildFile; fileRef = 8A3C85C022A5E5E700D624DA /* CategoryViewController.swift */; };
		8AC70C4822A1C95D0031D3FC /* AppDelegate.swift in Sources */ = {isa = PBXBuildFile; fileRef = 8AC70C4722A1C95D0031D3FC /* AppDelegate.swift */; };
		8AC70C4A22A1C95D0031D3FC /* SwipeTasksViewController.swift in Sources */ = {isa = PBXBuildFile; fileRef = 8AC70C4922A1C95D0031D3FC /* SwipeTasksViewController.swift */; };
		8AC70C4D22A1C95D0031D3FC /* Main.storyboard in Resources */ = {isa = PBXBuildFile; fileRef = 8AC70C4B22A1C95D0031D3FC /* Main.storyboard */; };
		8AC70C4F22A1C95E0031D3FC /* Assets.xcassets in Resources */ = {isa = PBXBuildFile; fileRef = 8AC70C4E22A1C95E0031D3FC /* Assets.xcassets */; };
		8AC70C5222A1C95E0031D3FC /* LaunchScreen.storyboard in Resources */ = {isa = PBXBuildFile; fileRef = 8AC70C5022A1C95E0031D3FC /* LaunchScreen.storyboard */; };
		FD382947C22E18FBE429E46B /* Pods_SwipeTasks.framework in Frameworks */ = {isa = PBXBuildFile; fileRef = 9B9040A9C70FE4547FADEF9B /* Pods_SwipeTasks.framework */; };
/* End PBXBuildFile section */

/* Begin PBXFileReference section */
		23F553E431E89A6AA490E23F /* Pods-SwipeTasks.debug.xcconfig */ = {isa = PBXFileReference; includeInIndex = 1; lastKnownFileType = text.xcconfig; name = "Pods-SwipeTasks.debug.xcconfig"; path = "Pods/Target Support Files/Pods-SwipeTasks/Pods-SwipeTasks.debug.xcconfig"; sourceTree = "<group>"; };
		40899B53732FE5C8470202A1 /* Pods-SwipeTasks.release.xcconfig */ = {isa = PBXFileReference; includeInIndex = 1; lastKnownFileType = text.xcconfig; name = "Pods-SwipeTasks.release.xcconfig"; path = "Pods/Target Support Files/Pods-SwipeTasks/Pods-SwipeTasks.release.xcconfig"; sourceTree = "<group>"; };
		8A0038C022A7C5360053C1B7 /* Item.swift */ = {isa = PBXFileReference; lastKnownFileType = sourcecode.swift; path = Item.swift; sourceTree = "<group>"; };
		8A0038C222A7C5430053C1B7 /* Category.swift */ = {isa = PBXFileReference; lastKnownFileType = sourcecode.swift; path = Category.swift; sourceTree = "<group>"; };
		8A3C85C022A5E5E700D624DA /* CategoryViewController.swift */ = {isa = PBXFileReference; lastKnownFileType = sourcecode.swift; path = CategoryViewController.swift; sourceTree = "<group>"; };
		8AC70C4422A1C95D0031D3FC /* SwipeTasks.app */ = {isa = PBXFileReference; explicitFileType = wrapper.application; includeInIndex = 0; path = SwipeTasks.app; sourceTree = BUILT_PRODUCTS_DIR; };
		8AC70C4722A1C95D0031D3FC /* AppDelegate.swift */ = {isa = PBXFileReference; lastKnownFileType = sourcecode.swift; path = AppDelegate.swift; sourceTree = "<group>"; };
		8AC70C4922A1C95D0031D3FC /* SwipeTasksViewController.swift */ = {isa = PBXFileReference; lastKnownFileType = sourcecode.swift; path = SwipeTasksViewController.swift; sourceTree = "<group>"; };
		8AC70C4C22A1C95D0031D3FC /* Base */ = {isa = PBXFileReference; lastKnownFileType = file.storyboard; name = Base; path = Base.lproj/Main.storyboard; sourceTree = "<group>"; };
		8AC70C4E22A1C95E0031D3FC /* Assets.xcassets */ = {isa = PBXFileReference; lastKnownFileType = folder.assetcatalog; path = Assets.xcassets; sourceTree = "<group>"; };
		8AC70C5122A1C95E0031D3FC /* Base */ = {isa = PBXFileReference; lastKnownFileType = file.storyboard; name = Base; path = Base.lproj/LaunchScreen.storyboard; sourceTree = "<group>"; };
		8AC70C5322A1C95E0031D3FC /* Info.plist */ = {isa = PBXFileReference; lastKnownFileType = text.plist.xml; path = Info.plist; sourceTree = "<group>"; };
		9B9040A9C70FE4547FADEF9B /* Pods_SwipeTasks.framework */ = {isa = PBXFileReference; explicitFileType = wrapper.framework; includeInIndex = 0; path = Pods_SwipeTasks.framework; sourceTree = BUILT_PRODUCTS_DIR; };
/* End PBXFileReference section */

/* Begin PBXFrameworksBuildPhase section */
		8AC70C4122A1C95D0031D3FC /* Frameworks */ = {
			isa = PBXFrameworksBuildPhase;
			buildActionMask = 2147483647;
			files = (
				FD382947C22E18FBE429E46B /* Pods_SwipeTasks.framework in Frameworks */,
			);
			runOnlyForDeploymentPostprocessing = 0;
		};
/* End PBXFrameworksBuildPhase section */

/* Begin PBXGroup section */
		1E3170516CBC96109433E6CB /* Frameworks */ = {
			isa = PBXGroup;
			children = (
				9B9040A9C70FE4547FADEF9B /* Pods_SwipeTasks.framework */,
			);
			name = Frameworks;
			sourceTree = "<group>";
		};
		8A5E105922A43C0A00066D3C /* Data Model */ = {
			isa = PBXGroup;
			children = (
				8A0038C222A7C5430053C1B7 /* Category.swift */,
				8A0038C022A7C5360053C1B7 /* Item.swift */,
			);
			path = "Data Model";
			sourceTree = "<group>";
		};
		8A5E105A22A43C1600066D3C /* Controller */ = {
			isa = PBXGroup;
			children = (
				8A3C85C022A5E5E700D624DA /* CategoryViewController.swift */,
				8AC70C4922A1C95D0031D3FC /* SwipeTasksViewController.swift */,
			);
			path = Controller;
			sourceTree = "<group>";
		};
		8A5E105B22A43C5300066D3C /* View */ = {
			isa = PBXGroup;
			children = (
				8AC70C4B22A1C95D0031D3FC /* Main.storyboard */,
			);
			path = View;
			sourceTree = "<group>";
		};
		8A5E105C22A43C5E00066D3C /* Supporting Files */ = {
			isa = PBXGroup;
			children = (
				8AC70C4E22A1C95E0031D3FC /* Assets.xcassets */,
				8AC70C5022A1C95E0031D3FC /* LaunchScreen.storyboard */,
			);
			path = "Supporting Files";
			sourceTree = "<group>";
		};
		8AC70C3B22A1C95D0031D3FC = {
			isa = PBXGroup;
			children = (
				8AC70C4622A1C95D0031D3FC /* SwipeTasks */,
				8AC70C4522A1C95D0031D3FC /* Products */,
				B5B295B1E6DC04CEF0A565EA /* Pods */,
				1E3170516CBC96109433E6CB /* Frameworks */,
			);
			sourceTree = "<group>";
		};
		8AC70C4522A1C95D0031D3FC /* Products */ = {
			isa = PBXGroup;
			children = (
				8AC70C4422A1C95D0031D3FC /* SwipeTasks.app */,
			);
			name = Products;
			sourceTree = "<group>";
		};
		8AC70C4622A1C95D0031D3FC /* SwipeTasks */ = {
			isa = PBXGroup;
			children = (
				8AC70C4722A1C95D0031D3FC /* AppDelegate.swift */,
				8A5E105A22A43C1600066D3C /* Controller */,
				8A5E105922A43C0A00066D3C /* Data Model */,
				8A5E105B22A43C5300066D3C /* View */,
				8A5E105C22A43C5E00066D3C /* Supporting Files */,
				8AC70C5322A1C95E0031D3FC /* Info.plist */,
			);
			path = SwipeTasks;
			sourceTree = "<group>";
		};
		B5B295B1E6DC04CEF0A565EA /* Pods */ = {
			isa = PBXGroup;
			children = (
				23F553E431E89A6AA490E23F /* Pods-SwipeTasks.debug.xcconfig */,
				40899B53732FE5C8470202A1 /* Pods-SwipeTasks.release.xcconfig */,
			);
			name = Pods;
			sourceTree = "<group>";
		};
/* End PBXGroup section */

/* Begin PBXNativeTarget section */
		8AC70C4322A1C95D0031D3FC /* SwipeTasks */ = {
			isa = PBXNativeTarget;
			buildConfigurationList = 8AC70C5622A1C95E0031D3FC /* Build configuration list for PBXNativeTarget "SwipeTasks" */;
			buildPhases = (
				33D3289AB6AFAED913187AB8 /* [CP] Check Pods Manifest.lock */,
				8AC70C4022A1C95D0031D3FC /* Sources */,
				8AC70C4122A1C95D0031D3FC /* Frameworks */,
				8AC70C4222A1C95D0031D3FC /* Resources */,
				5D076CF5451BCF5C4A10D1B5 /* [CP] Embed Pods Frameworks */,
			);
			buildRules = (
			);
			dependencies = (
			);
			name = SwipeTasks;
			productName = SwipeTasks;
			productReference = 8AC70C4422A1C95D0031D3FC /* SwipeTasks.app */;
			productType = "com.apple.product-type.application";
		};
/* End PBXNativeTarget section */

/* Begin PBXProject section */
		8AC70C3C22A1C95D0031D3FC /* Project object */ = {
			isa = PBXProject;
			attributes = {
				LastSwiftUpdateCheck = 1010;
				LastUpgradeCheck = 1010;
				ORGANIZATIONNAME = "Starknet Technologies®";
				TargetAttributes = {
					8AC70C4322A1C95D0031D3FC = {
						CreatedOnToolsVersion = 10.1;
					};
				};
			};
			buildConfigurationList = 8AC70C3F22A1C95D0031D3FC /* Build configuration list for PBXProject "SwipeTasks" */;
			compatibilityVersion = "Xcode 9.3";
			developmentRegion = en;
			hasScannedForEncodings = 0;
			knownRegions = (
				en,
				Base,
			);
			mainGroup = 8AC70C3B22A1C95D0031D3FC;
			productRefGroup = 8AC70C4522A1C95D0031D3FC /* Products */;
			projectDirPath = "";
			projectRoot = "";
			targets = (
				8AC70C4322A1C95D0031D3FC /* SwipeTasks */,
			);
		};
/* End PBXProject section */

/* Begin PBXResourcesBuildPhase section */
		8AC70C4222A1C95D0031D3FC /* Resources */ = {
			isa = PBXResourcesBuildPhase;
			buildActionMask = 2147483647;
			files = (
				8AC70C5222A1C95E0031D3FC /* LaunchScreen.storyboard in Resources */,
				8AC70C4F22A1C95E0031D3FC /* Assets.xcassets in Resources */,
				8AC70C4D22A1C95D0031D3FC /* Main.storyboard in Resources */,
			);
			runOnlyForDeploymentPostprocessing = 0;
		};
/* End PBXResourcesBuildPhase section */

/* Begin PBXShellScriptBuildPhase section */
		33D3289AB6AFAED913187AB8 /* [CP] Check Pods Manifest.lock */ = {
			isa = PBXShellScriptBuildPhase;
			buildActionMask = 2147483647;
			files = (
			);
			inputFileListPaths = (
			);
			inputPaths = (
				"${PODS_PODFILE_DIR_PATH}/Podfile.lock",
				"${PODS_ROOT}/Manifest.lock",
			);
			name = "[CP] Check Pods Manifest.lock";
			outputFileListPaths = (
			);
			outputPaths = (
				"$(DERIVED_FILE_DIR)/Pods-SwipeTasks-checkManifestLockResult.txt",
			);
			runOnlyForDeploymentPostprocessing = 0;
			shellPath = /bin/sh;
			shellScript = "diff \"${PODS_PODFILE_DIR_PATH}/Podfile.lock\" \"${PODS_ROOT}/Manifest.lock\" > /dev/null\nif [ $? != 0 ] ; then\n    # print error to STDERR\n    echo \"error: The sandbox is not in sync with the Podfile.lock. Run 'pod install' or update your CocoaPods installation.\" >&2\n    exit 1\nfi\n# This output is used by Xcode 'outputs' to avoid re-running this script phase.\necho \"SUCCESS\" > \"${SCRIPT_OUTPUT_FILE_0}\"\n";
			showEnvVarsInLog = 0;
		};
		5D076CF5451BCF5C4A10D1B5 /* [CP] Embed Pods Frameworks */ = {
			isa = PBXShellScriptBuildPhase;
			buildActionMask = 2147483647;
			files = (
			);
			inputFileListPaths = (
			);
			inputPaths = (
				"${SRCROOT}/Pods/Target Support Files/Pods-SwipeTasks/Pods-SwipeTasks-frameworks.sh",
				"${BUILT_PRODUCTS_DIR}/Realm/Realm.framework",
				"${BUILT_PRODUCTS_DIR}/RealmSwift/RealmSwift.framework",
			);
			name = "[CP] Embed Pods Frameworks";
			outputFileListPaths = (
			);
			outputPaths = (
				"${TARGET_BUILD_DIR}/${FRAMEWORKS_FOLDER_PATH}/Realm.framework",
				"${TARGET_BUILD_DIR}/${FRAMEWORKS_FOLDER_PATH}/RealmSwift.framework",
			);
			runOnlyForDeploymentPostprocessing = 0;
			shellPath = /bin/sh;
			shellScript = "\"${SRCROOT}/Pods/Target Support Files/Pods-SwipeTasks/Pods-SwipeTasks-frameworks.sh\"\n";
			showEnvVarsInLog = 0;
		};
/* End PBXShellScriptBuildPhase section */

/* Begin PBXSourcesBuildPhase section */
		8AC70C4022A1C95D0031D3FC /* Sources */ = {
			isa = PBXSourcesBuildPhase;
			buildActionMask = 2147483647;
			files = (
				8A0038C122A7C5360053C1B7 /* Item.swift in Sources */,
				8A3C85C122A5E5E700D624DA /* CategoryViewController.swift in Sources */,
				8AC70C4A22A1C95D0031D3FC /* SwipeTasksViewController.swift in Sources */,
				8AC70C4822A1C95D0031D3FC /* AppDelegate.swift in Sources */,
				8A0038C322A7C5430053C1B7 /* Category.swift in Sources */,
			);
			runOnlyForDeploymentPostprocessing = 0;
		};
/* End PBXSourcesBuildPhase section */

/* Begin PBXVariantGroup section */
		8AC70C4B22A1C95D0031D3FC /* Main.storyboard */ = {
			isa = PBXVariantGroup;
			children = (
				8AC70C4C22A1C95D0031D3FC /* Base */,
			);
			name = Main.storyboard;
			sourceTree = "<group>";
		};
		8AC70C5022A1C95E0031D3FC /* LaunchScreen.storyboard */ = {
			isa = PBXVariantGroup;
			children = (
				8AC70C5122A1C95E0031D3FC /* Base */,
			);
			name = LaunchScreen.storyboard;
			sourceTree = "<group>";
		};
/* End PBXVariantGroup section */

/* Begin XCBuildConfiguration section */
		8AC70C5422A1C95E0031D3FC /* Debug */ = {
			isa = XCBuildConfiguration;
			buildSettings = {
				ALWAYS_SEARCH_USER_PATHS = NO;
				CLANG_ANALYZER_NONNULL = YES;
				CLANG_ANALYZER_NUMBER_OBJECT_CONVERSION = YES_AGGRESSIVE;
				CLANG_CXX_LANGUAGE_STANDARD = "gnu++14";
				CLANG_CXX_LIBRARY = "libc++";
				CLANG_ENABLE_MODULES = YES;
				CLANG_ENABLE_OBJC_ARC = YES;
				CLANG_ENABLE_OBJC_WEAK = YES;
				CLANG_WARN_BLOCK_CAPTURE_AUTORELEASING = YES;
				CLANG_WARN_BOOL_CONVERSION = YES;
				CLANG_WARN_COMMA = YES;
				CLANG_WARN_CONSTANT_CONVERSION = YES;
				CLANG_WARN_DEPRECATED_OBJC_IMPLEMENTATIONS = YES;
				CLANG_WARN_DIRECT_OBJC_ISA_USAGE = YES_ERROR;
				CLANG_WARN_DOCUMENTATION_COMMENTS = YES;
				CLANG_WARN_EMPTY_BODY = YES;
				CLANG_WARN_ENUM_CONVERSION = YES;
				CLANG_WARN_INFINITE_RECURSION = YES;
				CLANG_WARN_INT_CONVERSION = YES;
				CLANG_WARN_NON_LITERAL_NULL_CONVERSION = YES;
				CLANG_WARN_OBJC_IMPLICIT_RETAIN_SELF = YES;
				CLANG_WARN_OBJC_LITERAL_CONVERSION = YES;
				CLANG_WARN_OBJC_ROOT_CLASS = YES_ERROR;
				CLANG_WARN_RANGE_LOOP_ANALYSIS = YES;
				CLANG_WARN_STRICT_PROTOTYPES = YES;
				CLANG_WARN_SUSPICIOUS_MOVE = YES;
				CLANG_WARN_UNGUARDED_AVAILABILITY = YES_AGGRESSIVE;
				CLANG_WARN_UNREACHABLE_CODE = YES;
				CLANG_WARN__DUPLICATE_METHOD_MATCH = YES;
				CODE_SIGN_IDENTITY = "iPhone Developer";
				COPY_PHASE_STRIP = NO;
				DEBUG_INFORMATION_FORMAT = dwarf;
				ENABLE_STRICT_OBJC_MSGSEND = YES;
				ENABLE_TESTABILITY = YES;
				GCC_C_LANGUAGE_STANDARD = gnu11;
				GCC_DYNAMIC_NO_PIC = NO;
				GCC_NO_COMMON_BLOCKS = YES;
				GCC_OPTIMIZATION_LEVEL = 0;
				GCC_PREPROCESSOR_DEFINITIONS = (
					"DEBUG=1",
					"$(inherited)",
				);
				GCC_WARN_64_TO_32_BIT_CONVERSION = YES;
				GCC_WARN_ABOUT_RETURN_TYPE = YES_ERROR;
				GCC_WARN_UNDECLARED_SELECTOR = YES;
				GCC_WARN_UNINITIALIZED_AUTOS = YES_AGGRESSIVE;
				GCC_WARN_UNUSED_FUNCTION = YES;
				GCC_WARN_UNUSED_VARIABLE = YES;
				IPHONEOS_DEPLOYMENT_TARGET = 12.1;
				MTL_ENABLE_DEBUG_INFO = INCLUDE_SOURCE;
				MTL_FAST_MATH = YES;
				ONLY_ACTIVE_ARCH = YES;
				SDKROOT = iphoneos;
				SWIFT_ACTIVE_COMPILATION_CONDITIONS = DEBUG;
				SWIFT_OPTIMIZATION_LEVEL = "-Onone";
			};
			name = Debug;
		};
		8AC70C5522A1C95E0031D3FC /* Release */ = {
			isa = XCBuildConfiguration;
			buildSettings = {
				ALWAYS_SEARCH_USER_PATHS = NO;
				CLANG_ANALYZER_NONNULL = YES;
				CLANG_ANALYZER_NUMBER_OBJECT_CONVERSION = YES_AGGRESSIVE;
				CLANG_CXX_LANGUAGE_STANDARD = "gnu++14";
				CLANG_CXX_LIBRARY = "libc++";
				CLANG_ENABLE_MODULES = YES;
				CLANG_ENABLE_OBJC_ARC = YES;
				CLANG_ENABLE_OBJC_WEAK = YES;
				CLANG_WARN_BLOCK_CAPTURE_AUTORELEASING = YES;
				CLANG_WARN_BOOL_CONVERSION = YES;
				CLANG_WARN_COMMA = YES;
				CLANG_WARN_CONSTANT_CONVERSION = YES;
				CLANG_WARN_DEPRECATED_OBJC_IMPLEMENTATIONS = YES;
				CLANG_WARN_DIRECT_OBJC_ISA_USAGE = YES_ERROR;
				CLANG_WARN_DOCUMENTATION_COMMENTS = YES;
				CLANG_WARN_EMPTY_BODY = YES;
				CLANG_WARN_ENUM_CONVERSION = YES;
				CLANG_WARN_INFINITE_RECURSION = YES;
				CLANG_WARN_INT_CONVERSION = YES;
				CLANG_WARN_NON_LITERAL_NULL_CONVERSION = YES;
				CLANG_WARN_OBJC_IMPLICIT_RETAIN_SELF = YES;
				CLANG_WARN_OBJC_LITERAL_CONVERSION = YES;
				CLANG_WARN_OBJC_ROOT_CLASS = YES_ERROR;
				CLANG_WARN_RANGE_LOOP_ANALYSIS = YES;
				CLANG_WARN_STRICT_PROTOTYPES = YES;
				CLANG_WARN_SUSPICIOUS_MOVE = YES;
				CLANG_WARN_UNGUARDED_AVAILABILITY = YES_AGGRESSIVE;
				CLANG_WARN_UNREACHABLE_CODE = YES;
				CLANG_WARN__DUPLICATE_METHOD_MATCH = YES;
				CODE_SIGN_IDENTITY = "iPhone Developer";
				COPY_PHASE_STRIP = NO;
				DEBUG_INFORMATION_FORMAT = "dwarf-with-dsym";
				ENABLE_NS_ASSERTIONS = NO;
				ENABLE_STRICT_OBJC_MSGSEND = YES;
				GCC_C_LANGUAGE_STANDARD = gnu11;
				GCC_NO_COMMON_BLOCKS = YES;
				GCC_WARN_64_TO_32_BIT_CONVERSION = YES;
				GCC_WARN_ABOUT_RETURN_TYPE = YES_ERROR;
				GCC_WARN_UNDECLARED_SELECTOR = YES;
				GCC_WARN_UNINITIALIZED_AUTOS = YES_AGGRESSIVE;
				GCC_WARN_UNUSED_FUNCTION = YES;
				GCC_WARN_UNUSED_VARIABLE = YES;
				IPHONEOS_DEPLOYMENT_TARGET = 12.1;
				MTL_ENABLE_DEBUG_INFO = NO;
				MTL_FAST_MATH = YES;
				SDKROOT = iphoneos;
				SWIFT_COMPILATION_MODE = wholemodule;
				SWIFT_OPTIMIZATION_LEVEL = "-O";
				VALIDATE_PRODUCT = YES;
			};
			name = Release;
		};
		8AC70C5722A1C95E0031D3FC /* Debug */ = {
			isa = XCBuildConfiguration;
			baseConfigurationReference = 23F553E431E89A6AA490E23F /* Pods-SwipeTasks.debug.xcconfig */;
			buildSettings = {
				ASSETCATALOG_COMPILER_APPICON_NAME = AppIcon;
				CODE_SIGN_STYLE = Automatic;
				DEVELOPMENT_TEAM = QVS959RA29;
				INFOPLIST_FILE = SwipeTasks/Info.plist;
				LD_RUNPATH_SEARCH_PATHS = (
					"$(inherited)",
					"@executable_path/Frameworks",
				);
				PRODUCT_BUNDLE_IDENTIFIER = com.jerrytan.SwipeTasks;
				PRODUCT_NAME = "$(TARGET_NAME)";
				SWIFT_VERSION = 4.2;
				TARGETED_DEVICE_FAMILY = "1,2";
			};
			name = Debug;
		};
		8AC70C5822A1C95E0031D3FC /* Release */ = {
			isa = XCBuildConfiguration;
			baseConfigurationReference = 40899B53732FE5C8470202A1 /* Pods-SwipeTasks.release.xcconfig */;
			buildSettings = {
				ASSETCATALOG_COMPILER_APPICON_NAME = AppIcon;
				CODE_SIGN_STYLE = Automatic;
				DEVELOPMENT_TEAM = QVS959RA29;
				INFOPLIST_FILE = SwipeTasks/Info.plist;
				LD_RUNPATH_SEARCH_PATHS = (
					"$(inherited)",
					"@executable_path/Frameworks",
				);
				PRODUCT_BUNDLE_IDENTIFIER = com.jerrytan.SwipeTasks;
				PRODUCT_NAME = "$(TARGET_NAME)";
				SWIFT_VERSION = 4.2;
				TARGETED_DEVICE_FAMILY = "1,2";
			};
			name = Release;
		};
/* End XCBuildConfiguration section */

/* Begin XCConfigurationList section */
		8AC70C3F22A1C95D0031D3FC /* Build configuration list for PBXProject "SwipeTasks" */ = {
			isa = XCConfigurationList;
			buildConfigurations = (
				8AC70C5422A1C95E0031D3FC /* Debug */,
				8AC70C5522A1C95E0031D3FC /* Release */,
			);
			defaultConfigurationIsVisible = 0;
			defaultConfigurationName = Release;
		};
		8AC70C5622A1C95E0031D3FC /* Build configuration list for PBXNativeTarget "SwipeTasks" */ = {
			isa = XCConfigurationList;
			buildConfigurations = (
				8AC70C5722A1C95E0031D3FC /* Debug */,
				8AC70C5822A1C95E0031D3FC /* Release */,
			);
			defaultConfigurationIsVisible = 0;
			defaultConfigurationName = Release;
		};
/* End XCConfigurationList section */
	};
	rootObject = 8AC70C3C22A1C95D0031D3FC /* Project object */;
}
